// !$*UTF8*$!
{
	archiveVersion = 1;
	classes = {
	};
	objectVersion = 56;
	objects = {

/* Begin PBXBuildFile section */
		E10F5D332DB80263008BBC95 /* MusicMoodboardApp.swift in Sources */ = {isa = PBXBuildFile; fileRef = E10F5D322DB80263008BBC95 /* MusicMoodboardApp.swift */; };
		E10F5D352DB80263008BBC95 /* ContentView.swift in Sources */ = {isa = PBXBuildFile; fileRef = E10F5D342DB80263008BBC95 /* ContentView.swift */; };
		E10F5D372DB8026A008BBC95 /* Assets.xcassets in Resources */ = {isa = PBXBuildFile; fileRef = E10F5D362DB8026A008BBC95 /* Assets.xcassets */; };
		E10F5D3A2DB8026A008BBC95 /* Preview Assets.xcassets in Resources */ = {isa = PBXBuildFile; fileRef = E10F5D392DB8026A008BBC95 /* Preview Assets.xcassets */; };
		E10F5D452DB8026B008BBC95 /* MusicMoodboardTests.swift in Sources */ = {isa = PBXBuildFile; fileRef = E10F5D442DB8026B008BBC95 /* MusicMoodboardTests.swift */; };
		E10F5D4F2DB8026B008BBC95 /* MusicMoodboardUITests.swift in Sources */ = {isa = PBXBuildFile; fileRef = E10F5D4E2DB8026B008BBC95 /* MusicMoodboardUITests.swift */; };
		E10F5D512DB8026B008BBC95 /* MusicMoodboardUITestsLaunchTests.swift in Sources */ = {isa = PBXBuildFile; fileRef = E10F5D502DB8026B008BBC95 /* MusicMoodboardUITestsLaunchTests.swift */; };
		E15F8D4C2DB8230E00FCD044 /* HumanEntry.swift in Sources */ = {isa = PBXBuildFile; fileRef = E15F8D4B2DB8230E00FCD044 /* HumanEntry.swift */; };
		E15F8D4E2DB8233400FCD044 /* FileStore.swift in Sources */ = {isa = PBXBuildFile; fileRef = E15F8D4D2DB8233400FCD044 /* FileStore.swift */; };
		E15F8D542DB8F64500FCD044 /* Info.plist in Resources */ = {isa = PBXBuildFile; fileRef = E15F8D532DB8F64500FCD044 /* Info.plist */; };
/* End PBXBuildFile section */

/* Begin PBXContainerItemProxy section */
		E10F5D412DB8026B008BBC95 /* PBXContainerItemProxy */ = {
			isa = PBXContainerItemProxy;
			containerPortal = E10F5D272DB80263008BBC95 /* Project object */;
			proxyType = 1;
			remoteGlobalIDString = E10F5D2E2DB80263008BBC95;
			remoteInfo = MusicMoodboard;
		};
		E10F5D4B2DB8026B008BBC95 /* PBXContainerItemProxy */ = {
			isa = PBXContainerItemProxy;
			containerPortal = E10F5D272DB80263008BBC95 /* Project object */;
			proxyType = 1;
			remoteGlobalIDString = E10F5D2E2DB80263008BBC95;
			remoteInfo = MusicMoodboard;
		};
/* End PBXContainerItemProxy section */

/* Begin PBXFileReference section */
		E10F5D2F2DB80263008BBC95 /* MusicMoodboard.app */ = {isa = PBXFileReference; explicitFileType = wrapper.application; includeInIndex = 0; path = MusicMoodboard.app; sourceTree = BUILT_PRODUCTS_DIR; };
		E10F5D322DB80263008BBC95 /* MusicMoodboardApp.swift */ = {isa = PBXFileReference; lastKnownFileType = sourcecode.swift; path = MusicMoodboardApp.swift; sourceTree = "<group>"; };
		E10F5D342DB80263008BBC95 /* ContentView.swift */ = {isa = PBXFileReference; lastKnownFileType = sourcecode.swift; path = ContentView.swift; sourceTree = "<group>"; };
		E10F5D362DB8026A008BBC95 /* Assets.xcassets */ = {isa = PBXFileReference; lastKnownFileType = folder.assetcatalog; path = Assets.xcassets; sourceTree = "<group>"; };
		E10F5D392DB8026A008BBC95 /* Preview Assets.xcassets */ = {isa = PBXFileReference; lastKnownFileType = folder.assetcatalog; path = "Preview Assets.xcassets"; sourceTree = "<group>"; };
		E10F5D3B2DB8026A008BBC95 /* MusicMoodboard.entitlements */ = {isa = PBXFileReference; lastKnownFileType = text.plist.entitlements; path = MusicMoodboard.entitlements; sourceTree = "<group>"; };
		E10F5D402DB8026B008BBC95 /* MusicMoodboardTests.xctest */ = {isa = PBXFileReference; explicitFileType = wrapper.cfbundle; includeInIndex = 0; path = MusicMoodboardTests.xctest; sourceTree = BUILT_PRODUCTS_DIR; };
		E10F5D442DB8026B008BBC95 /* MusicMoodboardTests.swift */ = {isa = PBXFileReference; lastKnownFileType = sourcecode.swift; path = MusicMoodboardTests.swift; sourceTree = "<group>"; };
		E10F5D4A2DB8026B008BBC95 /* MusicMoodboardUITests.xctest */ = {isa = PBXFileReference; explicitFileType = wrapper.cfbundle; includeInIndex = 0; path = MusicMoodboardUITests.xctest; sourceTree = BUILT_PRODUCTS_DIR; };
		E10F5D4E2DB8026B008BBC95 /* MusicMoodboardUITests.swift */ = {isa = PBXFileReference; lastKnownFileType = sourcecode.swift; path = MusicMoodboardUITests.swift; sourceTree = "<group>"; };
		E10F5D502DB8026B008BBC95 /* MusicMoodboardUITestsLaunchTests.swift */ = {isa = PBXFileReference; lastKnownFileType = sourcecode.swift; path = MusicMoodboardUITestsLaunchTests.swift; sourceTree = "<group>"; };
		E15F8D4B2DB8230E00FCD044 /* HumanEntry.swift */ = {isa = PBXFileReference; lastKnownFileType = sourcecode.swift; path = HumanEntry.swift; sourceTree = "<group>"; };
		E15F8D4D2DB8233400FCD044 /* FileStore.swift */ = {isa = PBXFileReference; lastKnownFileType = sourcecode.swift; path = FileStore.swift; sourceTree = "<group>"; };
		E15F8D532DB8F64500FCD044 /* Info.plist */ = {isa = PBXFileReference; lastKnownFileType = text.plist.xml; path = Info.plist; sourceTree = "<group>"; };
/* End PBXFileReference section */

/* Begin PBXFrameworksBuildPhase section */
		E10F5D2C2DB80263008BBC95 /* Frameworks */ = {
			isa = PBXFrameworksBuildPhase;
			buildActionMask = 2147483647;
			files = (
			);
			runOnlyForDeploymentPostprocessing = 0;
		};
		E10F5D3D2DB8026B008BBC95 /* Frameworks */ = {
			isa = PBXFrameworksBuildPhase;
			buildActionMask = 2147483647;
			files = (
			);
			runOnlyForDeploymentPostprocessing = 0;
		};
		E10F5D472DB8026B008BBC95 /* Frameworks */ = {
			isa = PBXFrameworksBuildPhase;
			buildActionMask = 2147483647;
			files = (
			);
			runOnlyForDeploymentPostprocessing = 0;
		};
/* End PBXFrameworksBuildPhase section */

/* Begin PBXGroup section */
		E10F5D262DB80263008BBC95 = {
			isa = PBXGroup;
			children = (
				E10F5D312DB80263008BBC95 /* MusicMoodboard */,
				E10F5D432DB8026B008BBC95 /* MusicMoodboardTests */,
				E10F5D4D2DB8026B008BBC95 /* MusicMoodboardUITests */,
				E10F5D302DB80263008BBC95 /* Products */,
			);
			sourceTree = "<group>";
		};
		E10F5D302DB80263008BBC95 /* Products */ = {
			isa = PBXGroup;
			children = (
				E10F5D2F2DB80263008BBC95 /* MusicMoodboard.app */,
				E10F5D402DB8026B008BBC95 /* MusicMoodboardTests.xctest */,
				E10F5D4A2DB8026B008BBC95 /* MusicMoodboardUITests.xctest */,
			);
			name = Products;
			sourceTree = "<group>";
		};
		E10F5D312DB80263008BBC95 /* MusicMoodboard */ = {
			isa = PBXGroup;
			children = (
				E10F5D322DB80263008BBC95 /* MusicMoodboardApp.swift */,
				E10F5D342DB80263008BBC95 /* ContentView.swift */,
				E15F8D4B2DB8230E00FCD044 /* HumanEntry.swift */,
				E15F8D4D2DB8233400FCD044 /* FileStore.swift */,
				E15F8D532DB8F64500FCD044 /* Info.plist */,
				E10F5D362DB8026A008BBC95 /* Assets.xcassets */,
				E10F5D3B2DB8026A008BBC95 /* MusicMoodboard.entitlements */,
				E10F5D382DB8026A008BBC95 /* Preview Content */,
			);
			path = MusicMoodboard;
			sourceTree = "<group>";
		};
		E10F5D382DB8026A008BBC95 /* Preview Content */ = {
			isa = PBXGroup;
			children = (
				E10F5D392DB8026A008BBC95 /* Preview Assets.xcassets */,
			);
			path = "Preview Content";
			sourceTree = "<group>";
		};
		E10F5D432DB8026B008BBC95 /* MusicMoodboardTests */ = {
			isa = PBXGroup;
			children = (
				E10F5D442DB8026B008BBC95 /* MusicMoodboardTests.swift */,
			);
			path = MusicMoodboardTests;
			sourceTree = "<group>";
		};
		E10F5D4D2DB8026B008BBC95 /* MusicMoodboardUITests */ = {
			isa = PBXGroup;
			children = (
				E10F5D4E2DB8026B008BBC95 /* MusicMoodboardUITests.swift */,
				E10F5D502DB8026B008BBC95 /* MusicMoodboardUITestsLaunchTests.swift */,
			);
			path = MusicMoodboardUITests;
			sourceTree = "<group>";
		};
/* End PBXGroup section */

/* Begin PBXNativeTarget section */
		E10F5D2E2DB80263008BBC95 /* MusicMoodboard */ = {
			isa = PBXNativeTarget;
			buildConfigurationList = E10F5D542DB8026B008BBC95 /* Build configuration list for PBXNativeTarget "MusicMoodboard" */;
			buildPhases = (
				E10F5D2B2DB80263008BBC95 /* Sources */,
				E10F5D2C2DB80263008BBC95 /* Frameworks */,
				E10F5D2D2DB80263008BBC95 /* Resources */,
			);
			buildRules = (
			);
			dependencies = (
			);
			name = MusicMoodboard;
			productName = MusicMoodboard;
			productReference = E10F5D2F2DB80263008BBC95 /* MusicMoodboard.app */;
			productType = "com.apple.product-type.application";
		};
		E10F5D3F2DB8026B008BBC95 /* MusicMoodboardTests */ = {
			isa = PBXNativeTarget;
			buildConfigurationList = E10F5D572DB8026B008BBC95 /* Build configuration list for PBXNativeTarget "MusicMoodboardTests" */;
			buildPhases = (
				E10F5D3C2DB8026B008BBC95 /* Sources */,
				E10F5D3D2DB8026B008BBC95 /* Frameworks */,
				E10F5D3E2DB8026B008BBC95 /* Resources */,
			);
			buildRules = (
			);
			dependencies = (
				E10F5D422DB8026B008BBC95 /* PBXTargetDependency */,
			);
			name = MusicMoodboardTests;
			productName = MusicMoodboardTests;
			productReference = E10F5D402DB8026B008BBC95 /* MusicMoodboardTests.xctest */;
			productType = "com.apple.product-type.bundle.unit-test";
		};
		E10F5D492DB8026B008BBC95 /* MusicMoodboardUITests */ = {
			isa = PBXNativeTarget;
			buildConfigurationList = E10F5D5A2DB8026B008BBC95 /* Build configuration list for PBXNativeTarget "MusicMoodboardUITests" */;
			buildPhases = (
				E10F5D462DB8026B008BBC95 /* Sources */,
				E10F5D472DB8026B008BBC95 /* Frameworks */,
				E10F5D482DB8026B008BBC95 /* Resources */,
			);
			buildRules = (
			);
			dependencies = (
				E10F5D4C2DB8026B008BBC95 /* PBXTargetDependency */,
			);
			name = MusicMoodboardUITests;
			productName = MusicMoodboardUITests;
			productReference = E10F5D4A2DB8026B008BBC95 /* MusicMoodboardUITests.xctest */;
			productType = "com.apple.product-type.bundle.ui-testing";
		};
/* End PBXNativeTarget section */

/* Begin PBXProject section */
		E10F5D272DB80263008BBC95 /* Project object */ = {
			isa = PBXProject;
			attributes = {
				BuildIndependentTargetsInParallel = 1;
				LastSwiftUpdateCheck = 1520;
				LastUpgradeCheck = 1520;
				TargetAttributes = {
					E10F5D2E2DB80263008BBC95 = {
						CreatedOnToolsVersion = 15.2;
					};
					E10F5D3F2DB8026B008BBC95 = {
						CreatedOnToolsVersion = 15.2;
						TestTargetID = E10F5D2E2DB80263008BBC95;
					};
					E10F5D492DB8026B008BBC95 = {
						CreatedOnToolsVersion = 15.2;
						TestTargetID = E10F5D2E2DB80263008BBC95;
					};
				};
			};
			buildConfigurationList = E10F5D2A2DB80263008BBC95 /* Build configuration list for PBXProject "MusicMoodboard" */;
			compatibilityVersion = "Xcode 14.0";
			developmentRegion = en;
			hasScannedForEncodings = 0;
			knownRegions = (
				en,
				Base,
			);
			mainGroup = E10F5D262DB80263008BBC95;
			productRefGroup = E10F5D302DB80263008BBC95 /* Products */;
			projectDirPath = "";
			projectRoot = "";
			targets = (
				E10F5D2E2DB80263008BBC95 /* MusicMoodboard */,
				E10F5D3F2DB8026B008BBC95 /* MusicMoodboardTests */,
				E10F5D492DB8026B008BBC95 /* MusicMoodboardUITests */,
			);
		};
/* End PBXProject section */

/* Begin PBXResourcesBuildPhase section */
		E10F5D2D2DB80263008BBC95 /* Resources */ = {
			isa = PBXResourcesBuildPhase;
			buildActionMask = 2147483647;
			files = (
				E10F5D3A2DB8026A008BBC95 /* Preview Assets.xcassets in Resources */,
				E10F5D372DB8026A008BBC95 /* Assets.xcassets in Resources */,
				E15F8D542DB8F64500FCD044 /* Info.plist in Resources */,
			);
			runOnlyForDeploymentPostprocessing = 0;
		};
		E10F5D3E2DB8026B008BBC95 /* Resources */ = {
			isa = PBXResourcesBuildPhase;
			buildActionMask = 2147483647;
			files = (
			);
			runOnlyForDeploymentPostprocessing = 0;
		};
		E10F5D482DB8026B008BBC95 /* Resources */ = {
			isa = PBXResourcesBuildPhase;
			buildActionMask = 2147483647;
			files = (
			);
			runOnlyForDeploymentPostprocessing = 0;
		};
/* End PBXResourcesBuildPhase section */

/* Begin PBXSourcesBuildPhase section */
		E10F5D2B2DB80263008BBC95 /* Sources */ = {
			isa = PBXSourcesBuildPhase;
			buildActionMask = 2147483647;
			files = (
				E10F5D352DB80263008BBC95 /* ContentView.swift in Sources */,
				E15F8D4C2DB8230E00FCD044 /* HumanEntry.swift in Sources */,
				E10F5D332DB80263008BBC95 /* MusicMoodboardApp.swift in Sources */,
				E15F8D4E2DB8233400FCD044 /* FileStore.swift in Sources */,
			);
			runOnlyForDeploymentPostprocessing = 0;
		};
		E10F5D3C2DB8026B008BBC95 /* Sources */ = {
			isa = PBXSourcesBuildPhase;
			buildActionMask = 2147483647;
			files = (
				E10F5D452DB8026B008BBC95 /* MusicMoodboardTests.swift in Sources */,
			);
			runOnlyForDeploymentPostprocessing = 0;
		};
		E10F5D462DB8026B008BBC95 /* Sources */ = {
			isa = PBXSourcesBuildPhase;
			buildActionMask = 2147483647;
			files = (
				E10F5D512DB8026B008BBC95 /* MusicMoodboardUITestsLaunchTests.swift in Sources */,
				E10F5D4F2DB8026B008BBC95 /* MusicMoodboardUITests.swift in Sources */,
			);
			runOnlyForDeploymentPostprocessing = 0;
		};
/* End PBXSourcesBuildPhase section */

/* Begin PBXTargetDependency section */
		E10F5D422DB8026B008BBC95 /* PBXTargetDependency */ = {
			isa = PBXTargetDependency;
			target = E10F5D2E2DB80263008BBC95 /* MusicMoodboard */;
			targetProxy = E10F5D412DB8026B008BBC95 /* PBXContainerItemProxy */;
		};
		E10F5D4C2DB8026B008BBC95 /* PBXTargetDependency */ = {
			isa = PBXTargetDependency;
			target = E10F5D2E2DB80263008BBC95 /* MusicMoodboard */;
			targetProxy = E10F5D4B2DB8026B008BBC95 /* PBXContainerItemProxy */;
		};
/* End PBXTargetDependency section */

/* Begin XCBuildConfiguration section */
		E10F5D522DB8026B008BBC95 /* Debug */ = {
			isa = XCBuildConfiguration;
			buildSettings = {
				ALWAYS_SEARCH_USER_PATHS = NO;
				ASSETCATALOG_COMPILER_GENERATE_SWIFT_ASSET_SYMBOL_EXTENSIONS = YES;
				CLANG_ANALYZER_NONNULL = YES;
				CLANG_ANALYZER_NUMBER_OBJECT_CONVERSION = YES_AGGRESSIVE;
				CLANG_CXX_LANGUAGE_STANDARD = "gnu++20";
				CLANG_ENABLE_MODULES = YES;
				CLANG_ENABLE_OBJC_ARC = YES;
				CLANG_ENABLE_OBJC_WEAK = YES;
				CLANG_WARN_BLOCK_CAPTURE_AUTORELEASING = YES;
				CLANG_WARN_BOOL_CONVERSION = YES;
				CLANG_WARN_COMMA = YES;
				CLANG_WARN_CONSTANT_CONVERSION = YES;
				CLANG_WARN_DEPRECATED_OBJC_IMPLEMENTATIONS = YES;
				CLANG_WARN_DIRECT_OBJC_ISA_USAGE = YES_ERROR;
				CLANG_WARN_DOCUMENTATION_COMMENTS = YES;
				CLANG_WARN_EMPTY_BODY = YES;
				CLANG_WARN_ENUM_CONVERSION = YES;
				CLANG_WARN_INFINITE_RECURSION = YES;
				CLANG_WARN_INT_CONVERSION = YES;
				CLANG_WARN_NON_LITERAL_NULL_CONVERSION = YES;
				CLANG_WARN_OBJC_IMPLICIT_RETAIN_SELF = YES;
				CLANG_WARN_OBJC_LITERAL_CONVERSION = YES;
				CLANG_WARN_OBJC_ROOT_CLASS = YES_ERROR;
				CLANG_WARN_QUOTED_INCLUDE_IN_FRAMEWORK_HEADER = YES;
				CLANG_WARN_RANGE_LOOP_ANALYSIS = YES;
				CLANG_WARN_STRICT_PROTOTYPES = YES;
				CLANG_WARN_SUSPICIOUS_MOVE = YES;
				CLANG_WARN_UNGUARDED_AVAILABILITY = YES_AGGRESSIVE;
				CLANG_WARN_UNREACHABLE_CODE = YES;
				CLANG_WARN__DUPLICATE_METHOD_MATCH = YES;
				COPY_PHASE_STRIP = NO;
				DEBUG_INFORMATION_FORMAT = dwarf;
				ENABLE_APP_SANDBOX = YES;
				ENABLE_STRICT_OBJC_MSGSEND = YES;
				ENABLE_TESTABILITY = YES;
				ENABLE_USER_SCRIPT_SANDBOXING = YES;
				GCC_C_LANGUAGE_STANDARD = gnu17;
				GCC_DYNAMIC_NO_PIC = NO;
				GCC_NO_COMMON_BLOCKS = YES;
				GCC_OPTIMIZATION_LEVEL = 0;
				GCC_PREPROCESSOR_DEFINITIONS = (
					"DEBUG=1",
					"$(inherited)",
				);
				GCC_WARN_64_TO_32_BIT_CONVERSION = YES;
				GCC_WARN_ABOUT_RETURN_TYPE = YES_ERROR;
				GCC_WARN_UNDECLARED_SELECTOR = YES;
				GCC_WARN_UNINITIALIZED_AUTOS = YES_AGGRESSIVE;
				GCC_WARN_UNUSED_FUNCTION = YES;
				GCC_WARN_UNUSED_VARIABLE = YES;
				LOCALIZATION_PREFERS_STRING_CATALOGS = YES;
				MACOSX_DEPLOYMENT_TARGET = 13.6;
				MTL_ENABLE_DEBUG_INFO = INCLUDE_SOURCE;
				MTL_FAST_MATH = YES;
				ONLY_ACTIVE_ARCH = YES;
				SDKROOT = macosx;
				SWIFT_ACTIVE_COMPILATION_CONDITIONS = "DEBUG $(inherited)";
				SWIFT_OPTIMIZATION_LEVEL = "-Onone";
			};
			name = Debug;
		};
		E10F5D532DB8026B008BBC95 /* Release */ = {
			isa = XCBuildConfiguration;
			buildSettings = {
				ALWAYS_SEARCH_USER_PATHS = NO;
				ASSETCATALOG_COMPILER_GENERATE_SWIFT_ASSET_SYMBOL_EXTENSIONS = YES;
				CLANG_ANALYZER_NONNULL = YES;
				CLANG_ANALYZER_NUMBER_OBJECT_CONVERSION = YES_AGGRESSIVE;
				CLANG_CXX_LANGUAGE_STANDARD = "gnu++20";
				CLANG_ENABLE_MODULES = YES;
				CLANG_ENABLE_OBJC_ARC = YES;
				CLANG_ENABLE_OBJC_WEAK = YES;
				CLANG_WARN_BLOCK_CAPTURE_AUTORELEASING = YES;
				CLANG_WARN_BOOL_CONVERSION = YES;
				CLANG_WARN_COMMA = YES;
				CLANG_WARN_CONSTANT_CONVERSION = YES;
				CLANG_WARN_DEPRECATED_OBJC_IMPLEMENTATIONS = YES;
				CLANG_WARN_DIRECT_OBJC_ISA_USAGE = YES_ERROR;
				CLANG_WARN_DOCUMENTATION_COMMENTS = YES;
				CLANG_WARN_EMPTY_BODY = YES;
				CLANG_WARN_ENUM_CONVERSION = YES;
				CLANG_WARN_INFINITE_RECURSION = YES;
				CLANG_WARN_INT_CONVERSION = YES;
				CLANG_WARN_NON_LITERAL_NULL_CONVERSION = YES;
				CLANG_WARN_OBJC_IMPLICIT_RETAIN_SELF = YES;
				CLANG_WARN_OBJC_LITERAL_CONVERSION = YES;
				CLANG_WARN_OBJC_ROOT_CLASS = YES_ERROR;
				CLANG_WARN_QUOTED_INCLUDE_IN_FRAMEWORK_HEADER = YES;
				CLANG_WARN_RANGE_LOOP_ANALYSIS = YES;
				CLANG_WARN_STRICT_PROTOTYPES = YES;
				CLANG_WARN_SUSPICIOUS_MOVE = YES;
				CLANG_WARN_UNGUARDED_AVAILABILITY = YES_AGGRESSIVE;
				CLANG_WARN_UNREACHABLE_CODE = YES;
				CLANG_WARN__DUPLICATE_METHOD_MATCH = YES;
				COPY_PHASE_STRIP = NO;
				DEBUG_INFORMATION_FORMAT = "dwarf-with-dsym";
				ENABLE_APP_SANDBOX = YES;
				ENABLE_NS_ASSERTIONS = NO;
				ENABLE_STRICT_OBJC_MSGSEND = YES;
				ENABLE_USER_SCRIPT_SANDBOXING = YES;
				GCC_C_LANGUAGE_STANDARD = gnu17;
				GCC_NO_COMMON_BLOCKS = YES;
				GCC_WARN_64_TO_32_BIT_CONVERSION = YES;
				GCC_WARN_ABOUT_RETURN_TYPE = YES_ERROR;
				GCC_WARN_UNDECLARED_SELECTOR = YES;
				GCC_WARN_UNINITIALIZED_AUTOS = YES_AGGRESSIVE;
				GCC_WARN_UNUSED_FUNCTION = YES;
				GCC_WARN_UNUSED_VARIABLE = YES;
				LOCALIZATION_PREFERS_STRING_CATALOGS = YES;
				MACOSX_DEPLOYMENT_TARGET = 13.6;
				MTL_ENABLE_DEBUG_INFO = NO;
				MTL_FAST_MATH = YES;
				SDKROOT = macosx;
				SWIFT_COMPILATION_MODE = wholemodule;
			};
			name = Release;
		};
		E10F5D552DB8026B008BBC95 /* Debug */ = {
			isa = XCBuildConfiguration;
			buildSettings = {
				ASSETCATALOG_COMPILER_APPICON_NAME = AppIcon;
				ASSETCATALOG_COMPILER_GLOBAL_ACCENT_COLOR_NAME = AccentColor;
				CODE_SIGN_ENTITLEMENTS = MusicMoodboard/MusicMoodboard.entitlements;
				CODE_SIGN_STYLE = Automatic;
				COMBINE_HIDPI_IMAGES = YES;
				CURRENT_PROJECT_VERSION = 1;
				DEVELOPMENT_ASSET_PATHS = "\"MusicMoodboard/Preview Content\"";
				DEVELOPMENT_TEAM = 3LA29MH854;
				ENABLE_HARDENED_RUNTIME = YES;
				ENABLE_PREVIEWS = YES;
				GENERATE_INFOPLIST_FILE = YES;
				INFOPLIST_KEY_NSHumanReadableCopyright = "";
				LD_RUNPATH_SEARCH_PATHS = (
					"$(inherited)",
					"@executable_path/../Frameworks",
				);
				MARKETING_VERSION = 1.0;
				PRODUCT_BUNDLE_IDENTIFIER = com.omaar.MusicMoodboard;
				PRODUCT_NAME = "$(TARGET_NAME)";
				SWIFT_EMIT_LOC_STRINGS = YES;
				SWIFT_VERSION = 5.0;
			};
			name = Debug;
		};
		E10F5D562DB8026B008BBC95 /* Release */ = {
			isa = XCBuildConfiguration;
			buildSettings = {
				ASSETCATALOG_COMPILER_APPICON_NAME = AppIcon;
				ASSETCATALOG_COMPILER_GLOBAL_ACCENT_COLOR_NAME = AccentColor;
				CODE_SIGN_ENTITLEMENTS = MusicMoodboard/MusicMoodboard.entitlements;
				CODE_SIGN_STYLE = Automatic;
				COMBINE_HIDPI_IMAGES = YES;
				CURRENT_PROJECT_VERSION = 1;
				DEVELOPMENT_ASSET_PATHS = "\"MusicMoodboard/Preview Content\"";
				DEVELOPMENT_TEAM = 3LA29MH854;
				ENABLE_HARDENED_RUNTIME = YES;
				ENABLE_PREVIEWS = YES;
				GENERATE_INFOPLIST_FILE = YES;
				INFOPLIST_KEY_NSHumanReadableCopyright = "";
				LD_RUNPATH_SEARCH_PATHS = (
					"$(inherited)",
					"@executable_path/../Frameworks",
				);
				MARKETING_VERSION = 1.0;
				PRODUCT_BUNDLE_IDENTIFIER = com.omaar.MusicMoodboard;
				PRODUCT_NAME = "$(TARGET_NAME)";
				SWIFT_EMIT_LOC_STRINGS = YES;
				SWIFT_VERSION = 5.0;
			};
			name = Release;
		};
		E10F5D582DB8026B008BBC95 /* Debug */ = {
			isa = XCBuildConfiguration;
			buildSettings = {
				ALWAYS_EMBED_SWIFT_STANDARD_LIBRARIES = YES;
				BUNDLE_LOADER = "$(TEST_HOST)";
				CODE_SIGN_STYLE = Automatic;
				CURRENT_PROJECT_VERSION = 1;
				DEVELOPMENT_TEAM = 3LA29MH854;
				GENERATE_INFOPLIST_FILE = YES;
				MACOSX_DEPLOYMENT_TARGET = 13.6;
				MARKETING_VERSION = 1.0;
				PRODUCT_BUNDLE_IDENTIFIER = com.omaar.MusicMoodboardTests;
				PRODUCT_NAME = "$(TARGET_NAME)";
				SWIFT_EMIT_LOC_STRINGS = NO;
				SWIFT_VERSION = 5.0;
				TEST_HOST = "$(BUILT_PRODUCTS_DIR)/MusicMoodboard.app/$(BUNDLE_EXECUTABLE_FOLDER_PATH)/MusicMoodboard";
			};
			name = Debug;
		};
		E10F5D592DB8026B008BBC95 /* Release */ = {
			isa = XCBuildConfiguration;
			buildSettings = {
				ALWAYS_EMBED_SWIFT_STANDARD_LIBRARIES = YES;
				BUNDLE_LOADER = "$(TEST_HOST)";
				CODE_SIGN_STYLE = Automatic;
				CURRENT_PROJECT_VERSION = 1;
				DEVELOPMENT_TEAM = 3LA29MH854;
				GENERATE_INFOPLIST_FILE = YES;
				MACOSX_DEPLOYMENT_TARGET = 13.6;
				MARKETING_VERSION = 1.0;
				PRODUCT_BUNDLE_IDENTIFIER = com.omaar.MusicMoodboardTests;
				PRODUCT_NAME = "$(TARGET_NAME)";
				SWIFT_EMIT_LOC_STRINGS = NO;
				SWIFT_VERSION = 5.0;
				TEST_HOST = "$(BUILT_PRODUCTS_DIR)/MusicMoodboard.app/$(BUNDLE_EXECUTABLE_FOLDER_PATH)/MusicMoodboard";
			};
			name = Release;
		};
		E10F5D5B2DB8026B008BBC95 /* Debug */ = {
			isa = XCBuildConfiguration;
			buildSettings = {
				ALWAYS_EMBED_SWIFT_STANDARD_LIBRARIES = YES;
				CODE_SIGN_STYLE = Automatic;
				CURRENT_PROJECT_VERSION = 1;
				DEVELOPMENT_TEAM = 3LA29MH854;
				GENERATE_INFOPLIST_FILE = YES;
				MARKETING_VERSION = 1.0;
				PRODUCT_BUNDLE_IDENTIFIER = com.omaar.MusicMoodboardUITests;
				PRODUCT_NAME = "$(TARGET_NAME)";
				SWIFT_EMIT_LOC_STRINGS = NO;
				SWIFT_VERSION = 5.0;
				TEST_TARGET_NAME = MusicMoodboard;
			};
			name = Debug;
		};
		E10F5D5C2DB8026B008BBC95 /* Release */ = {
			isa = XCBuildConfiguration;
			buildSettings = {
				ALWAYS_EMBED_SWIFT_STANDARD_LIBRARIES = YES;
				CODE_SIGN_STYLE = Automatic;
				CURRENT_PROJECT_VERSION = 1;
				DEVELOPMENT_TEAM = 3LA29MH854;
				GENERATE_INFOPLIST_FILE = YES;
				MARKETING_VERSION = 1.0;
				PRODUCT_BUNDLE_IDENTIFIER = com.omaar.MusicMoodboardUITests;
				PRODUCT_NAME = "$(TARGET_NAME)";
				SWIFT_EMIT_LOC_STRINGS = NO;
				SWIFT_VERSION = 5.0;
				TEST_TARGET_NAME = MusicMoodboard;
			};
			name = Release;
		};
/* End XCBuildConfiguration section */

/* Begin XCConfigurationList section */
		E10F5D2A2DB80263008BBC95 /* Build configuration list for PBXProject "MusicMoodboard" */ = {
			isa = XCConfigurationList;
			buildConfigurations = (
				E10F5D522DB8026B008BBC95 /* Debug */,
				E10F5D532DB8026B008BBC95 /* Release */,
			);
			defaultConfigurationIsVisible = 0;
			defaultConfigurationName = Release;
		};
		E10F5D542DB8026B008BBC95 /* Build configuration list for PBXNativeTarget "MusicMoodboard" */ = {
			isa = XCConfigurationList;
			buildConfigurations = (
				E10F5D552DB8026B008BBC95 /* Debug */,
				E10F5D562DB8026B008BBC95 /* Release */,
			);
			defaultConfigurationIsVisible = 0;
			defaultConfigurationName = Release;
		};
		E10F5D572DB8026B008BBC95 /* Build configuration list for PBXNativeTarget "MusicMoodboardTests" */ = {
			isa = XCConfigurationList;
			buildConfigurations = (
				E10F5D582DB8026B008BBC95 /* Debug */,
				E10F5D592DB8026B008BBC95 /* Release */,
			);
			defaultConfigurationIsVisible = 0;
			defaultConfigurationName = Release;
		};
		E10F5D5A2DB8026B008BBC95 /* Build configuration list for PBXNativeTarget "MusicMoodboardUITests" */ = {
			isa = XCConfigurationList;
			buildConfigurations = (
				E10F5D5B2DB8026B008BBC95 /* Debug */,
				E10F5D5C2DB8026B008BBC95 /* Release */,
			);
			defaultConfigurationIsVisible = 0;
			defaultConfigurationName = Release;
		};
/* End XCConfigurationList section */
	};
	rootObject = E10F5D272DB80263008BBC95 /* Project object */;
}
